
Microsoft Visual Studio Solution File, Format Version 12.00
# Visual Studio Version 17
VisualStudioVersion = 17.8.34330.188
MinimumVisualStudioVersion = 10.0.40219.1
Project("{FAE04EC0-301F-11D3-BF4B-00C04F79EFBC}") = "OnionArchitecture", "OnionArchitecture\OnionArchitecture.csproj", "{F79754A3-B568-4101-B399-A9B7F07820EB}"
EndProject
Project("{FAE04EC0-301F-11D3-BF4B-00C04F79EFBC}") = "Lib_Domain", "Lib_Domain\Lib_Domain.csproj", "{0128C333-0867-404B-B8C2-4ACE1700FCEF}"
EndProject
Project("{FAE04EC0-301F-11D3-BF4B-00C04F79EFBC}") = "Lib_Service", "Lib_Service\Lib_Service.csproj", "{0C7E2A12-4C86-49B4-B4C4-B0774AD71255}"
EndProject
Project("{FAE04EC0-301F-11D3-BF4B-00C04F79EFBC}") = "Lib_Data", "Lib_Data\Lib_Data.csproj", "{08F4973C-8069-4756-B906-4E1581F74B87}"
EndProject
Project("{FAE04EC0-301F-11D3-BF4B-00C04F79EFBC}") = "Lib_Infratruture", "Lib_Infratruture\Lib_Infratruture.csproj", "{E4C80F1B-FA8F-4636-9CFD-D73A085C2D32}"
EndProject
Global
	GlobalSection(SolutionConfigurationPlatforms) = preSolution
		Debug|Any CPU = Debug|Any CPU
		Release|Any CPU = Release|Any CPU
	EndGlobalSection
	GlobalSection(ProjectConfigurationPlatforms) = postSolution
		{F79754A3-B568-4101-B399-A9B7F07820EB}.Debug|Any CPU.ActiveCfg = Debug|Any CPU
		{F79754A3-B568-4101-B399-A9B7F07820EB}.Debug|Any CPU.Build.0 = Debug|Any CPU
		{F79754A3-B568-4101-B399-A9B7F07820EB}.Release|Any CPU.ActiveCfg = Release|Any CPU
		{F79754A3-B568-4101-B399-A9B7F07820EB}.Release|Any CPU.Build.0 = Release|Any CPU
		{0128C333-0867-404B-B8C2-4ACE1700FCEF}.Debug|Any CPU.ActiveCfg = Debug|Any CPU
		{0128C333-0867-404B-B8C2-4ACE1700FCEF}.Debug|Any CPU.Build.0 = Debug|Any CPU
		{0128C333-0867-404B-B8C2-4ACE1700FCEF}.Release|Any CPU.ActiveCfg = Release|Any CPU
		{0128C333-0867-404B-B8C2-4ACE1700FCEF}.Release|Any CPU.Build.0 = Release|Any CPU
		{0C7E2A12-4C86-49B4-B4C4-B0774AD71255}.Debug|Any CPU.ActiveCfg = Debug|Any CPU
		{0C7E2A12-4C86-49B4-B4C4-B0774AD71255}.Debug|Any CPU.Build.0 = Debug|Any CPU
		{0C7E2A12-4C86-49B4-B4C4-B0774AD71255}.Release|Any CPU.ActiveCfg = Release|Any CPU
		{0C7E2A12-4C86-49B4-B4C4-B0774AD71255}.Release|Any CPU.Build.0 = Release|Any CPU
		{08F4973C-8069-4756-B906-4E1581F74B87}.Debug|Any CPU.ActiveCfg = Debug|Any CPU
		{08F4973C-8069-4756-B906-4E1581F74B87}.Debug|Any CPU.Build.0 = Debug|Any CPU
		{08F4973C-8069-4756-B906-4E1581F74B87}.Release|Any CPU.ActiveCfg = Release|Any CPU
		{08F4973C-8069-4756-B906-4E1581F74B87}.Release|Any CPU.Build.0 = Release|Any CPU
		{E4C80F1B-FA8F-4636-9CFD-D73A085C2D32}.Debug|Any CPU.ActiveCfg = Debug|Any CPU
		{E4C80F1B-FA8F-4636-9CFD-D73A085C2D32}.Debug|Any CPU.Build.0 = Debug|Any CPU
		{E4C80F1B-FA8F-4636-9CFD-D73A085C2D32}.Release|Any CPU.ActiveCfg = Release|Any CPU
		{E4C80F1B-FA8F-4636-9CFD-D73A085C2D32}.Release|Any CPU.Build.0 = Release|Any CPU
	EndGlobalSection
	GlobalSection(SolutionProperties) = preSolution
		HideSolutionNode = FALSE
	EndGlobalSection
	GlobalSection(ExtensibilityGlobals) = postSolution
		SolutionGuid = {2EF9ACAB-7C77-4115-8D77-7F36864D9527}
	EndGlobalSection
EndGlobal
